// !$*UTF8*$!
{
	archiveVersion = 1;
	classes = {
	};
	objectVersion = 50;
	objects = {

/* Begin PBXBuildFile section */
		AC06048B21801D5A006582B9 /* GoogleService-Info-dev.plist in Resources */ = {isa = PBXBuildFile; fileRef = AC06048A21801D5A006582B9 /* GoogleService-Info-dev.plist */; };
		AC06048E21801F69006582B9 /* Global.swift in Sources */ = {isa = PBXBuildFile; fileRef = AC06048D21801F69006582B9 /* Global.swift */; };
		AC17189A21BA388D00E3E118 /* NCArticleTopCell.swift in Sources */ = {isa = PBXBuildFile; fileRef = AC17189921BA388D00E3E118 /* NCArticleTopCell.swift */; };
		AC17189D21BA391400E3E118 /* NCCommentCell.swift in Sources */ = {isa = PBXBuildFile; fileRef = AC17189C21BA391400E3E118 /* NCCommentCell.swift */; };
		AC1D2F142193D41D0073AC9A /* NCStorage.swift in Sources */ = {isa = PBXBuildFile; fileRef = AC1D2F132193D41D0073AC9A /* NCStorage.swift */; };
		AC1D2F172195182C0073AC9A /* NCTabViewController.swift in Sources */ = {isa = PBXBuildFile; fileRef = AC1D2F162195182C0073AC9A /* NCTabViewController.swift */; };
		AC1EDCB1218147C60089C7AF /* NCFont.swift in Sources */ = {isa = PBXBuildFile; fileRef = AC1EDCB0218147C60089C7AF /* NCFont.swift */; };
		AC1EDCB3218148AC0089C7AF /* NCColors.swift in Sources */ = {isa = PBXBuildFile; fileRef = AC1EDCB2218148AC0089C7AF /* NCColors.swift */; };
		AC1EDCB521814F380089C7AF /* NCNotificationManager.swift in Sources */ = {isa = PBXBuildFile; fileRef = AC1EDCB421814F380089C7AF /* NCNotificationManager.swift */; };
		AC1EDCC2218298C60089C7AF /* NCLoginViewController.swift in Sources */ = {isa = PBXBuildFile; fileRef = AC1EDCC1218298C60089C7AF /* NCLoginViewController.swift */; };
		AC1EDCC521829A9E0089C7AF /* NCBaseView.swift in Sources */ = {isa = PBXBuildFile; fileRef = AC1EDCC421829A9E0089C7AF /* NCBaseView.swift */; };
		AC1EDCC921829D450089C7AF /* NCViewController.swift in Sources */ = {isa = PBXBuildFile; fileRef = AC1EDCC821829D450089C7AF /* NCViewController.swift */; };
		AC1EDCCD2182A1220089C7AF /* UIView+Draw.swift in Sources */ = {isa = PBXBuildFile; fileRef = AC1EDCCC2182A1220089C7AF /* UIView+Draw.swift */; };
		AC2FC9DA21C0D28100052D1F /* NCImageDetailViewController.swift in Sources */ = {isa = PBXBuildFile; fileRef = AC2FC9D921C0D28100052D1F /* NCImageDetailViewController.swift */; };
		AC2FC9DC21C0D28E00052D1F /* NCimageDetailView.swift in Sources */ = {isa = PBXBuildFile; fileRef = AC2FC9DB21C0D28E00052D1F /* NCimageDetailView.swift */; };
		AC2FC9DE21C0D29F00052D1F /* NCDraggableView.swift in Sources */ = {isa = PBXBuildFile; fileRef = AC2FC9DD21C0D29F00052D1F /* NCDraggableView.swift */; };
		AC69B33C21AB96D8008BE631 /* NCUser.swift in Sources */ = {isa = PBXBuildFile; fileRef = AC69B33B21AB96D8008BE631 /* NCUser.swift */; };
		AC69B33F21ABB259008BE631 /* NCSessionManager.swift in Sources */ = {isa = PBXBuildFile; fileRef = AC69B33E21ABB259008BE631 /* NCSessionManager.swift */; };
		AC69B34221ABBD00008BE631 /* NCImageDownloader.swift in Sources */ = {isa = PBXBuildFile; fileRef = AC69B34121ABBD00008BE631 /* NCImageDownloader.swift */; };
		AC69B34721ACE2F8008BE631 /* NCFullImageController.swift in Sources */ = {isa = PBXBuildFile; fileRef = AC69B34621ACE2F8008BE631 /* NCFullImageController.swift */; };
		AC71844A21A24C360056DF3F /* NCSingleHomeController.swift in Sources */ = {isa = PBXBuildFile; fileRef = AC71844921A24C360056DF3F /* NCSingleHomeController.swift */; };
		AC71844C21A24D410056DF3F /* NCSingleHomeView.swift in Sources */ = {isa = PBXBuildFile; fileRef = AC71844B21A24D410056DF3F /* NCSingleHomeView.swift */; };
		AC71845021A2528D0056DF3F /* NCArticleCell.swift in Sources */ = {isa = PBXBuildFile; fileRef = AC71844F21A2528D0056DF3F /* NCArticleCell.swift */; };
		AC71845221A4F41A0056DF3F /* NCCreateArticleController.swift in Sources */ = {isa = PBXBuildFile; fileRef = AC71845121A4F41A0056DF3F /* NCCreateArticleController.swift */; };
		AC71845521A4F7610056DF3F /* NCCreateArticleView.swift in Sources */ = {isa = PBXBuildFile; fileRef = AC71845421A4F7610056DF3F /* NCCreateArticleView.swift */; };
		AC71845921A6510B0056DF3F /* NCImageSelectionCell.swift in Sources */ = {isa = PBXBuildFile; fileRef = AC71845821A6510B0056DF3F /* NCImageSelectionCell.swift */; };
		AC7D187721B508360041503F /* NCEmptyTableView.swift in Sources */ = {isa = PBXBuildFile; fileRef = AC7D187621B508360041503F /* NCEmptyTableView.swift */; };
		AC9727A321B8E0AA00F265FD /* NCDetailViewController.swift in Sources */ = {isa = PBXBuildFile; fileRef = AC9727A221B8E0AA00F265FD /* NCDetailViewController.swift */; };
		AC9727A521B8E11500F265FD /* NCDetailView.swift in Sources */ = {isa = PBXBuildFile; fileRef = AC9727A421B8E11500F265FD /* NCDetailView.swift */; };
		AC9727A721B8E3DA00F265FD /* NCSingleHomeViewDelegate.swift in Sources */ = {isa = PBXBuildFile; fileRef = AC9727A621B8E3DA00F265FD /* NCSingleHomeViewDelegate.swift */; };
		AC9F2568219C06530090A77E /* NCHomeController.swift in Sources */ = {isa = PBXBuildFile; fileRef = AC9F2567219C06530090A77E /* NCHomeController.swift */; };
		AC9F256A219C07BD0090A77E /* NCNaviagtionController.swift in Sources */ = {isa = PBXBuildFile; fileRef = AC9F2569219C07BD0090A77E /* NCNaviagtionController.swift */; };
		AC9F256C219D05A80090A77E /* NCMenuBar.swift in Sources */ = {isa = PBXBuildFile; fileRef = AC9F256B219D05A80090A77E /* NCMenuBar.swift */; };
		AC9F256E219D061D0090A77E /* NCHomeTopView.swift in Sources */ = {isa = PBXBuildFile; fileRef = AC9F256D219D061D0090A77E /* NCHomeTopView.swift */; };
		AC9F2575219D12BC0090A77E /* NCMenuCell.swift in Sources */ = {isa = PBXBuildFile; fileRef = AC9F2574219D12BC0090A77E /* NCMenuCell.swift */; };
		ACA50A792182AC2D00B2040A /* Assets.xcassets in Resources */ = {isa = PBXBuildFile; fileRef = ACA50A782182AC2C00B2040A /* Assets.xcassets */; };
		ACA50A7B2182AC8600B2040A /* NCLoginView.swift in Sources */ = {isa = PBXBuildFile; fileRef = ACA50A7A2182AC8600B2040A /* NCLoginView.swift */; };
		ACA50A7D2182B8CB00B2040A /* UIButton+Animation.swift in Sources */ = {isa = PBXBuildFile; fileRef = ACA50A7C2182B8CB00B2040A /* UIButton+Animation.swift */; };
		ACA50A812185F88900B2040A /* NCGradientView.swift in Sources */ = {isa = PBXBuildFile; fileRef = ACA50A802185F88900B2040A /* NCGradientView.swift */; };
		ACA50A852186A1EB00B2040A /* NCSignUpView.swift in Sources */ = {isa = PBXBuildFile; fileRef = ACA50A842186A1EB00B2040A /* NCSignUpView.swift */; };
		ACA50A872186A1FE00B2040A /* NCSignUpViewController.swift in Sources */ = {isa = PBXBuildFile; fileRef = ACA50A862186A1FE00B2040A /* NCSignUpViewController.swift */; };
		ACA50A892186A32F00B2040A /* NCLoginViewDelegate.swift in Sources */ = {isa = PBXBuildFile; fileRef = ACA50A882186A32F00B2040A /* NCLoginViewDelegate.swift */; };
		ACA50A8D2186AA9A00B2040A /* NCButtonView.swift in Sources */ = {isa = PBXBuildFile; fileRef = ACA50A8C2186AA9A00B2040A /* NCButtonView.swift */; };
		ACA50A8F2186AB0B00B2040A /* NCImageButtonView.swift in Sources */ = {isa = PBXBuildFile; fileRef = ACA50A8E2186AB0B00B2040A /* NCImageButtonView.swift */; };
		ACA50A912186AD7F00B2040A /* NCTextButton.swift in Sources */ = {isa = PBXBuildFile; fileRef = ACA50A902186AD7F00B2040A /* NCTextButton.swift */; };
		ACA50A932186AF4100B2040A /* Array+extension.swift in Sources */ = {isa = PBXBuildFile; fileRef = ACA50A922186AF4100B2040A /* Array+extension.swift */; };
		ACB249142186E353008B510E /* NCAccountType.swift in Sources */ = {isa = PBXBuildFile; fileRef = ACB249132186E353008B510E /* NCAccountType.swift */; };
		ACB249162187F2C3008B510E /* NCSignUpAndSignIn.swift in Sources */ = {isa = PBXBuildFile; fileRef = ACB249152187F2C3008B510E /* NCSignUpAndSignIn.swift */; };
		ACB2491A2187F77B008B510E /* NCDatebaseWrite.swift in Sources */ = {isa = PBXBuildFile; fileRef = ACB249192187F77B008B510E /* NCDatebaseWrite.swift */; };
		ACB2491C21893852008B510E /* NCActivityIndicator.swift in Sources */ = {isa = PBXBuildFile; fileRef = ACB2491B21893852008B510E /* NCActivityIndicator.swift */; };
		ACB2491E21896956008B510E /* NCDropDownNotification.swift in Sources */ = {isa = PBXBuildFile; fileRef = ACB2491D21896955008B510E /* NCDropDownNotification.swift */; };
		ACB737DE21BE123200A1F063 /* NCDatabaseAccess.swift in Sources */ = {isa = PBXBuildFile; fileRef = ACB737DD21BE123200A1F063 /* NCDatabaseAccess.swift */; };
		ACBBBA0E21AB7FCE0077C6E4 /* NCCategories.swift in Sources */ = {isa = PBXBuildFile; fileRef = ACBBBA0D21AB7FCE0077C6E4 /* NCCategories.swift */; };
		ACBBBA1021AB88F50077C6E4 /* NCCategoriesSelectionDelegate.swift in Sources */ = {isa = PBXBuildFile; fileRef = ACBBBA0F21AB88F50077C6E4 /* NCCategoriesSelectionDelegate.swift */; };
		ACCC08AC2180140100D6391A /* AppDelegate.swift in Sources */ = {isa = PBXBuildFile; fileRef = ACCC08AB2180140100D6391A /* AppDelegate.swift */; };
		ACCC08B62180140500D6391A /* LaunchScreen.storyboard in Resources */ = {isa = PBXBuildFile; fileRef = ACCC08B42180140500D6391A /* LaunchScreen.storyboard */; };
		ACCC08BE218018DC00D6391A /* GoogleService-Info.plist in Resources */ = {isa = PBXBuildFile; fileRef = ACCC08BD218018DC00D6391A /* GoogleService-Info.plist */; };
		ACD4FE7D21AE5DC000C1F534 /* NCArticle.swift in Sources */ = {isa = PBXBuildFile; fileRef = ACD4FE7C21AE5DC000C1F534 /* NCArticle.swift */; };
		ACD4FE7F21B0C12700C1F534 /* NCDate.swift in Sources */ = {isa = PBXBuildFile; fileRef = ACD4FE7E21B0C12700C1F534 /* NCDate.swift */; };
		ACDEACDC219E4C5B009964AE /* NCPageViewController.swift in Sources */ = {isa = PBXBuildFile; fileRef = ACDEACDB219E4C5B009964AE /* NCPageViewController.swift */; };
		D0D2F491D22460BBF516816D /* Pods_NepalCommunity.framework in Frameworks */ = {isa = PBXBuildFile; fileRef = 702D276B339B5FD20876420C /* Pods_NepalCommunity.framework */; };
/* End PBXBuildFile section */

/* Begin PBXFileReference section */
		0167735298938EFBC8C777FC /* Pods-NepalCommunity.release.xcconfig */ = {isa = PBXFileReference; includeInIndex = 1; lastKnownFileType = text.xcconfig; name = "Pods-NepalCommunity.release.xcconfig"; path = "Pods/Target Support Files/Pods-NepalCommunity/Pods-NepalCommunity.release.xcconfig"; sourceTree = "<group>"; };
		702D276B339B5FD20876420C /* Pods_NepalCommunity.framework */ = {isa = PBXFileReference; explicitFileType = wrapper.framework; includeInIndex = 0; path = Pods_NepalCommunity.framework; sourceTree = BUILT_PRODUCTS_DIR; };
		AC06048A21801D5A006582B9 /* GoogleService-Info-dev.plist */ = {isa = PBXFileReference; fileEncoding = 4; lastKnownFileType = text.plist.xml; path = "GoogleService-Info-dev.plist"; sourceTree = "<group>"; };
		AC06048D21801F69006582B9 /* Global.swift */ = {isa = PBXFileReference; lastKnownFileType = sourcecode.swift; path = Global.swift; sourceTree = "<group>"; };
		AC17189921BA388D00E3E118 /* NCArticleTopCell.swift */ = {isa = PBXFileReference; lastKnownFileType = sourcecode.swift; path = NCArticleTopCell.swift; sourceTree = "<group>"; };
		AC17189C21BA391400E3E118 /* NCCommentCell.swift */ = {isa = PBXFileReference; lastKnownFileType = sourcecode.swift; path = NCCommentCell.swift; sourceTree = "<group>"; };
		AC1D2F132193D41D0073AC9A /* NCStorage.swift */ = {isa = PBXFileReference; lastKnownFileType = sourcecode.swift; path = NCStorage.swift; sourceTree = "<group>"; };
		AC1D2F162195182C0073AC9A /* NCTabViewController.swift */ = {isa = PBXFileReference; lastKnownFileType = sourcecode.swift; path = NCTabViewController.swift; sourceTree = "<group>"; };
		AC1EDCB0218147C60089C7AF /* NCFont.swift */ = {isa = PBXFileReference; lastKnownFileType = sourcecode.swift; path = NCFont.swift; sourceTree = "<group>"; };
		AC1EDCB2218148AC0089C7AF /* NCColors.swift */ = {isa = PBXFileReference; lastKnownFileType = sourcecode.swift; path = NCColors.swift; sourceTree = "<group>"; };
		AC1EDCB421814F380089C7AF /* NCNotificationManager.swift */ = {isa = PBXFileReference; lastKnownFileType = sourcecode.swift; path = NCNotificationManager.swift; sourceTree = "<group>"; };
		AC1EDCC1218298C60089C7AF /* NCLoginViewController.swift */ = {isa = PBXFileReference; lastKnownFileType = sourcecode.swift; path = NCLoginViewController.swift; sourceTree = "<group>"; };
		AC1EDCC421829A9E0089C7AF /* NCBaseView.swift */ = {isa = PBXFileReference; lastKnownFileType = sourcecode.swift; path = NCBaseView.swift; sourceTree = "<group>"; };
		AC1EDCC821829D450089C7AF /* NCViewController.swift */ = {isa = PBXFileReference; lastKnownFileType = sourcecode.swift; path = NCViewController.swift; sourceTree = "<group>"; };
		AC1EDCCC2182A1220089C7AF /* UIView+Draw.swift */ = {isa = PBXFileReference; lastKnownFileType = sourcecode.swift; path = "UIView+Draw.swift"; sourceTree = "<group>"; };
		AC2FC9D921C0D28100052D1F /* NCImageDetailViewController.swift */ = {isa = PBXFileReference; lastKnownFileType = sourcecode.swift; path = NCImageDetailViewController.swift; sourceTree = "<group>"; };
		AC2FC9DB21C0D28E00052D1F /* NCimageDetailView.swift */ = {isa = PBXFileReference; lastKnownFileType = sourcecode.swift; path = NCimageDetailView.swift; sourceTree = "<group>"; };
		AC2FC9DD21C0D29F00052D1F /* NCDraggableView.swift */ = {isa = PBXFileReference; lastKnownFileType = sourcecode.swift; path = NCDraggableView.swift; sourceTree = "<group>"; };
		AC58C75B21BA1BD500B3D010 /* d_NepalCommunity.entitlements */ = {isa = PBXFileReference; lastKnownFileType = text.plist.entitlements; path = d_NepalCommunity.entitlements; sourceTree = "<group>"; };
		AC69B33B21AB96D8008BE631 /* NCUser.swift */ = {isa = PBXFileReference; lastKnownFileType = sourcecode.swift; path = NCUser.swift; sourceTree = "<group>"; };
		AC69B33E21ABB259008BE631 /* NCSessionManager.swift */ = {isa = PBXFileReference; lastKnownFileType = sourcecode.swift; path = NCSessionManager.swift; sourceTree = "<group>"; };
		AC69B34121ABBD00008BE631 /* NCImageDownloader.swift */ = {isa = PBXFileReference; lastKnownFileType = sourcecode.swift; path = NCImageDownloader.swift; sourceTree = "<group>"; };
		AC69B34621ACE2F8008BE631 /* NCFullImageController.swift */ = {isa = PBXFileReference; lastKnownFileType = sourcecode.swift; path = NCFullImageController.swift; sourceTree = "<group>"; };
		AC71844921A24C360056DF3F /* NCSingleHomeController.swift */ = {isa = PBXFileReference; lastKnownFileType = sourcecode.swift; path = NCSingleHomeController.swift; sourceTree = "<group>"; };
		AC71844B21A24D410056DF3F /* NCSingleHomeView.swift */ = {isa = PBXFileReference; lastKnownFileType = sourcecode.swift; path = NCSingleHomeView.swift; sourceTree = "<group>"; };
		AC71844F21A2528D0056DF3F /* NCArticleCell.swift */ = {isa = PBXFileReference; lastKnownFileType = sourcecode.swift; path = NCArticleCell.swift; sourceTree = "<group>"; };
		AC71845121A4F41A0056DF3F /* NCCreateArticleController.swift */ = {isa = PBXFileReference; lastKnownFileType = sourcecode.swift; path = NCCreateArticleController.swift; sourceTree = "<group>"; };
		AC71845421A4F7610056DF3F /* NCCreateArticleView.swift */ = {isa = PBXFileReference; lastKnownFileType = sourcecode.swift; path = NCCreateArticleView.swift; sourceTree = "<group>"; };
		AC71845821A6510B0056DF3F /* NCImageSelectionCell.swift */ = {isa = PBXFileReference; lastKnownFileType = sourcecode.swift; path = NCImageSelectionCell.swift; sourceTree = "<group>"; };
		AC7D187621B508360041503F /* NCEmptyTableView.swift */ = {isa = PBXFileReference; lastKnownFileType = sourcecode.swift; path = NCEmptyTableView.swift; sourceTree = "<group>"; };
		AC9727A221B8E0AA00F265FD /* NCDetailViewController.swift */ = {isa = PBXFileReference; lastKnownFileType = sourcecode.swift; path = NCDetailViewController.swift; sourceTree = "<group>"; };
		AC9727A421B8E11500F265FD /* NCDetailView.swift */ = {isa = PBXFileReference; lastKnownFileType = sourcecode.swift; path = NCDetailView.swift; sourceTree = "<group>"; };
		AC9727A621B8E3DA00F265FD /* NCSingleHomeViewDelegate.swift */ = {isa = PBXFileReference; lastKnownFileType = sourcecode.swift; path = NCSingleHomeViewDelegate.swift; sourceTree = "<group>"; };
		AC9F2567219C06530090A77E /* NCHomeController.swift */ = {isa = PBXFileReference; lastKnownFileType = sourcecode.swift; path = NCHomeController.swift; sourceTree = "<group>"; };
		AC9F2569219C07BD0090A77E /* NCNaviagtionController.swift */ = {isa = PBXFileReference; lastKnownFileType = sourcecode.swift; path = NCNaviagtionController.swift; sourceTree = "<group>"; };
		AC9F256B219D05A80090A77E /* NCMenuBar.swift */ = {isa = PBXFileReference; lastKnownFileType = sourcecode.swift; path = NCMenuBar.swift; sourceTree = "<group>"; };
		AC9F256D219D061D0090A77E /* NCHomeTopView.swift */ = {isa = PBXFileReference; lastKnownFileType = sourcecode.swift; path = NCHomeTopView.swift; sourceTree = "<group>"; };
		AC9F2574219D12BC0090A77E /* NCMenuCell.swift */ = {isa = PBXFileReference; lastKnownFileType = sourcecode.swift; path = NCMenuCell.swift; sourceTree = "<group>"; };
		ACA50A782182AC2C00B2040A /* Assets.xcassets */ = {isa = PBXFileReference; lastKnownFileType = folder.assetcatalog; path = Assets.xcassets; sourceTree = "<group>"; };
		ACA50A7A2182AC8600B2040A /* NCLoginView.swift */ = {isa = PBXFileReference; lastKnownFileType = sourcecode.swift; path = NCLoginView.swift; sourceTree = "<group>"; };
		ACA50A7C2182B8CB00B2040A /* UIButton+Animation.swift */ = {isa = PBXFileReference; lastKnownFileType = sourcecode.swift; path = "UIButton+Animation.swift"; sourceTree = "<group>"; };
		ACA50A802185F88900B2040A /* NCGradientView.swift */ = {isa = PBXFileReference; lastKnownFileType = sourcecode.swift; path = NCGradientView.swift; sourceTree = "<group>"; };
		ACA50A842186A1EB00B2040A /* NCSignUpView.swift */ = {isa = PBXFileReference; lastKnownFileType = sourcecode.swift; path = NCSignUpView.swift; sourceTree = "<group>"; };
		ACA50A862186A1FE00B2040A /* NCSignUpViewController.swift */ = {isa = PBXFileReference; lastKnownFileType = sourcecode.swift; path = NCSignUpViewController.swift; sourceTree = "<group>"; };
		ACA50A882186A32F00B2040A /* NCLoginViewDelegate.swift */ = {isa = PBXFileReference; lastKnownFileType = sourcecode.swift; path = NCLoginViewDelegate.swift; sourceTree = "<group>"; };
		ACA50A8C2186AA9A00B2040A /* NCButtonView.swift */ = {isa = PBXFileReference; lastKnownFileType = sourcecode.swift; path = NCButtonView.swift; sourceTree = "<group>"; };
		ACA50A8E2186AB0B00B2040A /* NCImageButtonView.swift */ = {isa = PBXFileReference; lastKnownFileType = sourcecode.swift; path = NCImageButtonView.swift; sourceTree = "<group>"; };
		ACA50A902186AD7F00B2040A /* NCTextButton.swift */ = {isa = PBXFileReference; lastKnownFileType = sourcecode.swift; path = NCTextButton.swift; sourceTree = "<group>"; };
		ACA50A922186AF4100B2040A /* Array+extension.swift */ = {isa = PBXFileReference; lastKnownFileType = sourcecode.swift; path = "Array+extension.swift"; sourceTree = "<group>"; };
		ACB249132186E353008B510E /* NCAccountType.swift */ = {isa = PBXFileReference; lastKnownFileType = sourcecode.swift; path = NCAccountType.swift; sourceTree = "<group>"; };
		ACB249152187F2C3008B510E /* NCSignUpAndSignIn.swift */ = {isa = PBXFileReference; lastKnownFileType = sourcecode.swift; path = NCSignUpAndSignIn.swift; sourceTree = "<group>"; };
		ACB249192187F77B008B510E /* NCDatebaseWrite.swift */ = {isa = PBXFileReference; lastKnownFileType = sourcecode.swift; path = NCDatebaseWrite.swift; sourceTree = "<group>"; };
		ACB2491B21893852008B510E /* NCActivityIndicator.swift */ = {isa = PBXFileReference; lastKnownFileType = sourcecode.swift; path = NCActivityIndicator.swift; sourceTree = "<group>"; };
		ACB2491D21896955008B510E /* NCDropDownNotification.swift */ = {isa = PBXFileReference; lastKnownFileType = sourcecode.swift; path = NCDropDownNotification.swift; sourceTree = "<group>"; };
		ACB737DD21BE123200A1F063 /* NCDatabaseAccess.swift */ = {isa = PBXFileReference; lastKnownFileType = sourcecode.swift; path = NCDatabaseAccess.swift; sourceTree = "<group>"; };
		ACBBBA0D21AB7FCE0077C6E4 /* NCCategories.swift */ = {isa = PBXFileReference; lastKnownFileType = sourcecode.swift; path = NCCategories.swift; sourceTree = "<group>"; };
		ACBBBA0F21AB88F50077C6E4 /* NCCategoriesSelectionDelegate.swift */ = {isa = PBXFileReference; lastKnownFileType = sourcecode.swift; path = NCCategoriesSelectionDelegate.swift; sourceTree = "<group>"; };
		ACCC08A82180140100D6391A /* d_NepalCommunity.app */ = {isa = PBXFileReference; explicitFileType = wrapper.application; includeInIndex = 0; path = d_NepalCommunity.app; sourceTree = BUILT_PRODUCTS_DIR; };
		ACCC08AB2180140100D6391A /* AppDelegate.swift */ = {isa = PBXFileReference; lastKnownFileType = sourcecode.swift; path = AppDelegate.swift; sourceTree = "<group>"; };
		ACCC08B52180140500D6391A /* Base */ = {isa = PBXFileReference; lastKnownFileType = file.storyboard; name = Base; path = Base.lproj/LaunchScreen.storyboard; sourceTree = "<group>"; };
		ACCC08B72180140500D6391A /* Info.plist */ = {isa = PBXFileReference; lastKnownFileType = text.plist.xml; path = Info.plist; sourceTree = "<group>"; };
		ACCC08BD218018DC00D6391A /* GoogleService-Info.plist */ = {isa = PBXFileReference; fileEncoding = 4; lastKnownFileType = text.plist.xml; path = "GoogleService-Info.plist"; sourceTree = "<group>"; };
		ACD4FE7C21AE5DC000C1F534 /* NCArticle.swift */ = {isa = PBXFileReference; lastKnownFileType = sourcecode.swift; path = NCArticle.swift; sourceTree = "<group>"; };
		ACD4FE7E21B0C12700C1F534 /* NCDate.swift */ = {isa = PBXFileReference; lastKnownFileType = sourcecode.swift; path = NCDate.swift; sourceTree = "<group>"; };
		ACDEACDB219E4C5B009964AE /* NCPageViewController.swift */ = {isa = PBXFileReference; lastKnownFileType = sourcecode.swift; path = NCPageViewController.swift; sourceTree = "<group>"; };
		B302AD8A90610761900FB03F /* Pods-NepalCommunity.debug.xcconfig */ = {isa = PBXFileReference; includeInIndex = 1; lastKnownFileType = text.xcconfig; name = "Pods-NepalCommunity.debug.xcconfig"; path = "Pods/Target Support Files/Pods-NepalCommunity/Pods-NepalCommunity.debug.xcconfig"; sourceTree = "<group>"; };
/* End PBXFileReference section */

/* Begin PBXFrameworksBuildPhase section */
		ACCC08A52180140100D6391A /* Frameworks */ = {
			isa = PBXFrameworksBuildPhase;
			buildActionMask = 2147483647;
			files = (
				D0D2F491D22460BBF516816D /* Pods_NepalCommunity.framework in Frameworks */,
			);
			runOnlyForDeploymentPostprocessing = 0;
		};
/* End PBXFrameworksBuildPhase section */

/* Begin PBXGroup section */
		73EDBAD8A25B5F3375C38911 /* Frameworks */ = {
			isa = PBXGroup;
			children = (
				702D276B339B5FD20876420C /* Pods_NepalCommunity.framework */,
			);
			name = Frameworks;
			sourceTree = "<group>";
		};
		A7C25EA954E486966D554D3F /* Pods */ = {
			isa = PBXGroup;
			children = (
				B302AD8A90610761900FB03F /* Pods-NepalCommunity.debug.xcconfig */,
				0167735298938EFBC8C777FC /* Pods-NepalCommunity.release.xcconfig */,
			);
			name = Pods;
			sourceTree = "<group>";
		};
		AC06048921801A55006582B9 /* Resourses */ = {
			isa = PBXGroup;
			children = (
				ACCC08B42180140500D6391A /* LaunchScreen.storyboard */,
			);
			path = Resourses;
			sourceTree = "<group>";
		};
		AC17189821BA387000E3E118 /* ComentCell */ = {
			isa = PBXGroup;
			children = (
				AC17189C21BA391400E3E118 /* NCCommentCell.swift */,
			);
			path = ComentCell;
			sourceTree = "<group>";
		};
		AC17189B21BA389300E3E118 /* ArticleTopCell */ = {
			isa = PBXGroup;
			children = (
				AC17189921BA388D00E3E118 /* NCArticleTopCell.swift */,
			);
			path = ArticleTopCell;
			sourceTree = "<group>";
		};
		AC1D2F122193D3CC0073AC9A /* Storage */ = {
			isa = PBXGroup;
			children = (
				AC1D2F132193D41D0073AC9A /* NCStorage.swift */,
			);
			path = Storage;
			sourceTree = "<group>";
		};
		AC1D2F15219518130073AC9A /* Tab */ = {
			isa = PBXGroup;
			children = (
				AC1D2F162195182C0073AC9A /* NCTabViewController.swift */,
			);
			path = Tab;
			sourceTree = "<group>";
		};
		AC1EDCAA218146770089C7AF /* Modal */ = {
			isa = PBXGroup;
			children = (
				ACBBBA0C21AB7FB70077C6E4 /* Categories */,
				AC1EDCCA2182A0F40089C7AF /* AccountType */,
				AC69B33B21AB96D8008BE631 /* NCUser.swift */,
				ACD4FE7C21AE5DC000C1F534 /* NCArticle.swift */,
			);
			path = Modal;
			sourceTree = "<group>";
		};
		AC1EDCAB2181467D0089C7AF /* View */ = {
			isa = PBXGroup;
			children = (
				AC2FC9D821C0D20600052D1F /* ImageDetailView */,
				AC9727A121B8E09000F265FD /* Detail */,
				ACD4FE7B21AE239300C1F534 /* Cells */,
				AC69B34521ACE2BE008BE631 /* FullImageView */,
				AC9F2566219C062C0090A77E /* Home */,
				ACA50A8A2186AA8000B2040A /* Common */,
				AC1EDCC321829A8E0089C7AF /* BaseView */,
				ACA50A832186A13700B2040A /* SignUpView */,
				ACA50A822186A12B00B2040A /* LoginView */,
				AC71845321A4F41F0056DF3F /* Create Article */,
			);
			path = View;
			sourceTree = "<group>";
		};
		AC1EDCAC218146850089C7AF /* Controller */ = {
			isa = PBXGroup;
			children = (
				AC1D2F122193D3CC0073AC9A /* Storage */,
				ACB249182187F737008B510E /* Database */,
				ACB249172187F6E3008B510E /* SignUp */,
			);
			path = Controller;
			sourceTree = "<group>";
		};
		AC1EDCAF218147500089C7AF /* Utility */ = {
			isa = PBXGroup;
			children = (
				AC69B34021ABBCE8008BE631 /* ImageDownloader */,
				AC69B33D21ABB242008BE631 /* SessionManager */,
				AC1EDCCB2182A1040089C7AF /* Extension */,
				AC06048D21801F69006582B9 /* Global.swift */,
				AC1EDCB0218147C60089C7AF /* NCFont.swift */,
				AC1EDCB2218148AC0089C7AF /* NCColors.swift */,
				AC1EDCB421814F380089C7AF /* NCNotificationManager.swift */,
				ACD4FE7E21B0C12700C1F534 /* NCDate.swift */,
			);
			path = Utility;
			sourceTree = "<group>";
		};
		AC1EDCC321829A8E0089C7AF /* BaseView */ = {
			isa = PBXGroup;
			children = (
				AC1EDCC421829A9E0089C7AF /* NCBaseView.swift */,
				AC1EDCC821829D450089C7AF /* NCViewController.swift */,
			);
			path = BaseView;
			sourceTree = "<group>";
		};
		AC1EDCCA2182A0F40089C7AF /* AccountType */ = {
			isa = PBXGroup;
			children = (
				ACB249132186E353008B510E /* NCAccountType.swift */,
			);
			path = AccountType;
			sourceTree = "<group>";
		};
		AC1EDCCB2182A1040089C7AF /* Extension */ = {
			isa = PBXGroup;
			children = (
				AC1EDCCC2182A1220089C7AF /* UIView+Draw.swift */,
				ACA50A7C2182B8CB00B2040A /* UIButton+Animation.swift */,
				ACA50A922186AF4100B2040A /* Array+extension.swift */,
			);
			path = Extension;
			sourceTree = "<group>";
		};
		AC2FC9D821C0D20600052D1F /* ImageDetailView */ = {
			isa = PBXGroup;
			children = (
				AC2FC9D921C0D28100052D1F /* NCImageDetailViewController.swift */,
				AC2FC9DB21C0D28E00052D1F /* NCimageDetailView.swift */,
				AC2FC9DD21C0D29F00052D1F /* NCDraggableView.swift */,
			);
			path = ImageDetailView;
			sourceTree = "<group>";
		};
		AC69B33D21ABB242008BE631 /* SessionManager */ = {
			isa = PBXGroup;
			children = (
				AC69B33E21ABB259008BE631 /* NCSessionManager.swift */,
			);
			path = SessionManager;
			sourceTree = "<group>";
		};
		AC69B34021ABBCE8008BE631 /* ImageDownloader */ = {
			isa = PBXGroup;
			children = (
				AC69B34121ABBD00008BE631 /* NCImageDownloader.swift */,
			);
			path = ImageDownloader;
			sourceTree = "<group>";
		};
		AC69B34521ACE2BE008BE631 /* FullImageView */ = {
			isa = PBXGroup;
			children = (
				AC69B34621ACE2F8008BE631 /* NCFullImageController.swift */,
			);
			path = FullImageView;
			sourceTree = "<group>";
		};
		AC71844821A247840056DF3F /* HomeView */ = {
			isa = PBXGroup;
			children = (
				AC71844921A24C360056DF3F /* NCSingleHomeController.swift */,
				AC71844B21A24D410056DF3F /* NCSingleHomeView.swift */,
				AC9727A621B8E3DA00F265FD /* NCSingleHomeViewDelegate.swift */,
			);
			path = HomeView;
			sourceTree = "<group>";
		};
		AC71844D21A2523E0056DF3F /* TableCell */ = {
			isa = PBXGroup;
			children = (
				AC17189821BA387000E3E118 /* ComentCell */,
				AC71844E21A252470056DF3F /* ArticleCell */,
				AC17189B21BA389300E3E118 /* ArticleTopCell */,
			);
			path = TableCell;
			sourceTree = "<group>";
		};
		AC71844E21A252470056DF3F /* ArticleCell */ = {
			isa = PBXGroup;
			children = (
				AC71844F21A2528D0056DF3F /* NCArticleCell.swift */,
			);
			path = ArticleCell;
			sourceTree = "<group>";
		};
		AC71845321A4F41F0056DF3F /* Create Article */ = {
			isa = PBXGroup;
			children = (
				ACA50A782182AC2C00B2040A /* Assets.xcassets */,
				AC71845121A4F41A0056DF3F /* NCCreateArticleController.swift */,
				AC71845421A4F7610056DF3F /* NCCreateArticleView.swift */,
				ACBBBA0F21AB88F50077C6E4 /* NCCategoriesSelectionDelegate.swift */,
			);
			path = "Create Article";
			sourceTree = "<group>";
		};
		AC71845721A650F10056DF3F /* ColletionCell */ = {
			isa = PBXGroup;
			children = (
				AC71845821A6510B0056DF3F /* NCImageSelectionCell.swift */,
			);
			path = ColletionCell;
			sourceTree = "<group>";
		};
		AC7D187521B507350041503F /* TableEmptyView */ = {
			isa = PBXGroup;
			children = (
				AC7D187621B508360041503F /* NCEmptyTableView.swift */,
			);
			path = TableEmptyView;
			sourceTree = "<group>";
		};
		AC9727A121B8E09000F265FD /* Detail */ = {
			isa = PBXGroup;
			children = (
				AC9727A221B8E0AA00F265FD /* NCDetailViewController.swift */,
				AC9727A421B8E11500F265FD /* NCDetailView.swift */,
			);
			path = Detail;
			sourceTree = "<group>";
		};
		AC9F2566219C062C0090A77E /* Home */ = {
			isa = PBXGroup;
			children = (
				AC71844821A247840056DF3F /* HomeView */,
				AC9F2567219C06530090A77E /* NCHomeController.swift */,
				AC9F256D219D061D0090A77E /* NCHomeTopView.swift */,
			);
			path = Home;
			sourceTree = "<group>";
		};
		AC9F256F219D07730090A77E /* Navigation */ = {
			isa = PBXGroup;
			children = (
				AC9F2569219C07BD0090A77E /* NCNaviagtionController.swift */,
			);
			path = Navigation;
			sourceTree = "<group>";
		};
		AC9F2570219D077E0090A77E /* MenuBar */ = {
			isa = PBXGroup;
			children = (
				AC9F256B219D05A80090A77E /* NCMenuBar.swift */,
				AC9F2574219D12BC0090A77E /* NCMenuCell.swift */,
			);
			path = MenuBar;
			sourceTree = "<group>";
		};
		AC9F2571219D07880090A77E /* GradientView */ = {
			isa = PBXGroup;
			children = (
				ACA50A802185F88900B2040A /* NCGradientView.swift */,
			);
			path = GradientView;
			sourceTree = "<group>";
		};
		AC9F2572219D07A10090A77E /* ActivityIndicator */ = {
			isa = PBXGroup;
			children = (
				ACB2491B21893852008B510E /* NCActivityIndicator.swift */,
			);
			path = ActivityIndicator;
			sourceTree = "<group>";
		};
		AC9F2573219D07B40090A77E /* DropDownNotification */ = {
			isa = PBXGroup;
			children = (
				ACB2491D21896955008B510E /* NCDropDownNotification.swift */,
			);
			path = DropDownNotification;
			sourceTree = "<group>";
		};
		ACA50A822186A12B00B2040A /* LoginView */ = {
			isa = PBXGroup;
			children = (
				AC1EDCC1218298C60089C7AF /* NCLoginViewController.swift */,
				ACA50A7A2182AC8600B2040A /* NCLoginView.swift */,
				ACA50A882186A32F00B2040A /* NCLoginViewDelegate.swift */,
			);
			path = LoginView;
			sourceTree = "<group>";
		};
		ACA50A832186A13700B2040A /* SignUpView */ = {
			isa = PBXGroup;
			children = (
				ACA50A842186A1EB00B2040A /* NCSignUpView.swift */,
				ACA50A862186A1FE00B2040A /* NCSignUpViewController.swift */,
			);
			path = SignUpView;
			sourceTree = "<group>";
		};
		ACA50A8A2186AA8000B2040A /* Common */ = {
			isa = PBXGroup;
			children = (
				AC7D187521B507350041503F /* TableEmptyView */,
				ACDEACDA219E4C45009964AE /* PageView */,
				AC1D2F15219518130073AC9A /* Tab */,
				AC9F2570219D077E0090A77E /* MenuBar */,
				AC9F256F219D07730090A77E /* Navigation */,
				AC9F2571219D07880090A77E /* GradientView */,
				AC9F2572219D07A10090A77E /* ActivityIndicator */,
				ACA50A8B2186AA8800B2040A /* Button */,
				AC9F2573219D07B40090A77E /* DropDownNotification */,
			);
			path = Common;
			sourceTree = "<group>";
		};
		ACA50A8B2186AA8800B2040A /* Button */ = {
			isa = PBXGroup;
			children = (
				ACA50A8C2186AA9A00B2040A /* NCButtonView.swift */,
				ACA50A8E2186AB0B00B2040A /* NCImageButtonView.swift */,
				ACA50A902186AD7F00B2040A /* NCTextButton.swift */,
			);
			path = Button;
			sourceTree = "<group>";
		};
		ACB249172187F6E3008B510E /* SignUp */ = {
			isa = PBXGroup;
			children = (
				ACB249152187F2C3008B510E /* NCSignUpAndSignIn.swift */,
			);
			path = SignUp;
			sourceTree = "<group>";
		};
		ACB249182187F737008B510E /* Database */ = {
			isa = PBXGroup;
			children = (
				ACB249192187F77B008B510E /* NCDatebaseWrite.swift */,
				ACB737DD21BE123200A1F063 /* NCDatabaseAccess.swift */,
			);
			path = Database;
			sourceTree = "<group>";
		};
		ACBBBA0C21AB7FB70077C6E4 /* Categories */ = {
			isa = PBXGroup;
			children = (
				ACBBBA0D21AB7FCE0077C6E4 /* NCCategories.swift */,
			);
			path = Categories;
			sourceTree = "<group>";
		};
		ACCC089F2180140000D6391A = {
			isa = PBXGroup;
			children = (
				ACCC08BD218018DC00D6391A /* GoogleService-Info.plist */,
				AC06048A21801D5A006582B9 /* GoogleService-Info-dev.plist */,
				ACCC08AA2180140100D6391A /* NepalCommunity */,
				ACCC08A92180140100D6391A /* Products */,
				A7C25EA954E486966D554D3F /* Pods */,
				73EDBAD8A25B5F3375C38911 /* Frameworks */,
			);
			sourceTree = "<group>";
		};
		ACCC08A92180140100D6391A /* Products */ = {
			isa = PBXGroup;
			children = (
				ACCC08A82180140100D6391A /* d_NepalCommunity.app */,
			);
			name = Products;
			sourceTree = "<group>";
		};
		ACCC08AA2180140100D6391A /* NepalCommunity */ = {
			isa = PBXGroup;
			children = (
				AC58C75B21BA1BD500B3D010 /* d_NepalCommunity.entitlements */,
				ACCC08AB2180140100D6391A /* AppDelegate.swift */,
				AC1EDCAC218146850089C7AF /* Controller */,
				AC1EDCAB2181467D0089C7AF /* View */,
				AC1EDCAA218146770089C7AF /* Modal */,
				AC1EDCAF218147500089C7AF /* Utility */,
				AC06048921801A55006582B9 /* Resourses */,
				ACCC08B72180140500D6391A /* Info.plist */,
			);
			path = NepalCommunity;
			sourceTree = "<group>";
		};
		ACD4FE7B21AE239300C1F534 /* Cells */ = {
			isa = PBXGroup;
			children = (
				AC71844D21A2523E0056DF3F /* TableCell */,
				AC71845721A650F10056DF3F /* ColletionCell */,
			);
			path = Cells;
			sourceTree = "<group>";
		};
		ACDEACDA219E4C45009964AE /* PageView */ = {
			isa = PBXGroup;
			children = (
				ACDEACDB219E4C5B009964AE /* NCPageViewController.swift */,
			);
			path = PageView;
			sourceTree = "<group>";
		};
/* End PBXGroup section */

/* Begin PBXNativeTarget section */
		ACCC08A72180140100D6391A /* NepalCommunity */ = {
			isa = PBXNativeTarget;
			buildConfigurationList = ACCC08BA2180140500D6391A /* Build configuration list for PBXNativeTarget "NepalCommunity" */;
			buildPhases = (
				F261EACB83640EBF215A028D /* [CP] Check Pods Manifest.lock */,
				ACCC08A42180140100D6391A /* Sources */,
				ACCC08A52180140100D6391A /* Frameworks */,
				ACCC08A62180140100D6391A /* Resources */,
				B52A19FFD2A0938F94705849 /* [CP] Embed Pods Frameworks */,
				763B4C0A25132B9B39E4BA4B /* [CP] Copy Pods Resources */,
			);
			buildRules = (
			);
			dependencies = (
			);
			name = NepalCommunity;
			productName = NepalCommunity;
			productReference = ACCC08A82180140100D6391A /* d_NepalCommunity.app */;
			productType = "com.apple.product-type.application";
		};
/* End PBXNativeTarget section */

/* Begin PBXProject section */
		ACCC08A02180140000D6391A /* Project object */ = {
			isa = PBXProject;
			attributes = {
				LastSwiftUpdateCheck = 1000;
				LastUpgradeCheck = 1000;
				ORGANIZATIONNAME = guest;
				TargetAttributes = {
					ACCC08A72180140100D6391A = {
						CreatedOnToolsVersion = 10.0;
						SystemCapabilities = {
							com.apple.Keychain = {
								enabled = 0;
							};
						};
					};
				};
			};
			buildConfigurationList = ACCC08A32180140100D6391A /* Build configuration list for PBXProject "NepalCommunity" */;
			compatibilityVersion = "Xcode 9.3";
			developmentRegion = en;
			hasScannedForEncodings = 0;
			knownRegions = (
				en,
				Base,
			);
			mainGroup = ACCC089F2180140000D6391A;
			productRefGroup = ACCC08A92180140100D6391A /* Products */;
			projectDirPath = "";
			projectRoot = "";
			targets = (
				ACCC08A72180140100D6391A /* NepalCommunity */,
			);
		};
/* End PBXProject section */

/* Begin PBXResourcesBuildPhase section */
		ACCC08A62180140100D6391A /* Resources */ = {
			isa = PBXResourcesBuildPhase;
			buildActionMask = 2147483647;
			files = (
				ACCC08B62180140500D6391A /* LaunchScreen.storyboard in Resources */,
				AC06048B21801D5A006582B9 /* GoogleService-Info-dev.plist in Resources */,
				ACA50A792182AC2D00B2040A /* Assets.xcassets in Resources */,
				ACCC08BE218018DC00D6391A /* GoogleService-Info.plist in Resources */,
			);
			runOnlyForDeploymentPostprocessing = 0;
		};
/* End PBXResourcesBuildPhase section */

/* Begin PBXShellScriptBuildPhase section */
		763B4C0A25132B9B39E4BA4B /* [CP] Copy Pods Resources */ = {
			isa = PBXShellScriptBuildPhase;
			buildActionMask = 2147483647;
			files = (
			);
			inputPaths = (
				"${SRCROOT}/Pods/Target Support Files/Pods-NepalCommunity/Pods-NepalCommunity-resources.sh",
				"${PODS_CONFIGURATION_BUILD_DIR}/FirebaseFirestore/gRPCCertificates-Firestore.bundle",
			);
			name = "[CP] Copy Pods Resources";
			outputPaths = (
				"${TARGET_BUILD_DIR}/${UNLOCALIZED_RESOURCES_FOLDER_PATH}/gRPCCertificates-Firestore.bundle",
			);
			runOnlyForDeploymentPostprocessing = 0;
			shellPath = /bin/sh;
			shellScript = "\"${SRCROOT}/Pods/Target Support Files/Pods-NepalCommunity/Pods-NepalCommunity-resources.sh\"\n";
			showEnvVarsInLog = 0;
		};
		B52A19FFD2A0938F94705849 /* [CP] Embed Pods Frameworks */ = {
			isa = PBXShellScriptBuildPhase;
			buildActionMask = 2147483647;
			files = (
			);
			inputPaths = (
				"${SRCROOT}/Pods/Target Support Files/Pods-NepalCommunity/Pods-NepalCommunity-frameworks.sh",
				"${BUILT_PRODUCTS_DIR}/Bolts/Bolts.framework",
				"${BUILT_PRODUCTS_DIR}/BoringSSL/openssl.framework",
				"${BUILT_PRODUCTS_DIR}/CodableFirebase/CodableFirebase.framework",
				"${BUILT_PRODUCTS_DIR}/FBSDKCoreKit/FBSDKCoreKit.framework",
				"${BUILT_PRODUCTS_DIR}/FBSDKLoginKit/FBSDKLoginKit.framework",
				"${BUILT_PRODUCTS_DIR}/FacebookCore/FacebookCore.framework",
				"${BUILT_PRODUCTS_DIR}/FacebookLogin/FacebookLogin.framework",
				"${BUILT_PRODUCTS_DIR}/GTMSessionFetcher/GTMSessionFetcher.framework",
				"${BUILT_PRODUCTS_DIR}/Gallery/Gallery.framework",
				"${BUILT_PRODUCTS_DIR}/GoogleUtilities/GoogleUtilities.framework",
				"${BUILT_PRODUCTS_DIR}/NVActivityIndicatorView/NVActivityIndicatorView.framework",
				"${BUILT_PRODUCTS_DIR}/Protobuf/Protobuf.framework",
				"${BUILT_PRODUCTS_DIR}/SDWebImage/SDWebImage.framework",
				"${BUILT_PRODUCTS_DIR}/SwiftyJSON/SwiftyJSON.framework",
				"${BUILT_PRODUCTS_DIR}/TinyConstraints/TinyConstraints.framework",
				"${BUILT_PRODUCTS_DIR}/gRPC-C++/grpcpp.framework",
				"${BUILT_PRODUCTS_DIR}/gRPC-Core/grpc.framework",
				"${BUILT_PRODUCTS_DIR}/leveldb-library/leveldb.framework",
				"${BUILT_PRODUCTS_DIR}/nanopb/nanopb.framework",
			);
			name = "[CP] Embed Pods Frameworks";
			outputPaths = (
				"${TARGET_BUILD_DIR}/${FRAMEWORKS_FOLDER_PATH}/Bolts.framework",
				"${TARGET_BUILD_DIR}/${FRAMEWORKS_FOLDER_PATH}/openssl.framework",
				"${TARGET_BUILD_DIR}/${FRAMEWORKS_FOLDER_PATH}/CodableFirebase.framework",
				"${TARGET_BUILD_DIR}/${FRAMEWORKS_FOLDER_PATH}/FBSDKCoreKit.framework",
				"${TARGET_BUILD_DIR}/${FRAMEWORKS_FOLDER_PATH}/FBSDKLoginKit.framework",
				"${TARGET_BUILD_DIR}/${FRAMEWORKS_FOLDER_PATH}/FacebookCore.framework",
				"${TARGET_BUILD_DIR}/${FRAMEWORKS_FOLDER_PATH}/FacebookLogin.framework",
				"${TARGET_BUILD_DIR}/${FRAMEWORKS_FOLDER_PATH}/GTMSessionFetcher.framework",
				"${TARGET_BUILD_DIR}/${FRAMEWORKS_FOLDER_PATH}/Gallery.framework",
				"${TARGET_BUILD_DIR}/${FRAMEWORKS_FOLDER_PATH}/GoogleUtilities.framework",
				"${TARGET_BUILD_DIR}/${FRAMEWORKS_FOLDER_PATH}/NVActivityIndicatorView.framework",
				"${TARGET_BUILD_DIR}/${FRAMEWORKS_FOLDER_PATH}/Protobuf.framework",
				"${TARGET_BUILD_DIR}/${FRAMEWORKS_FOLDER_PATH}/SDWebImage.framework",
				"${TARGET_BUILD_DIR}/${FRAMEWORKS_FOLDER_PATH}/SwiftyJSON.framework",
				"${TARGET_BUILD_DIR}/${FRAMEWORKS_FOLDER_PATH}/TinyConstraints.framework",
				"${TARGET_BUILD_DIR}/${FRAMEWORKS_FOLDER_PATH}/grpcpp.framework",
				"${TARGET_BUILD_DIR}/${FRAMEWORKS_FOLDER_PATH}/grpc.framework",
				"${TARGET_BUILD_DIR}/${FRAMEWORKS_FOLDER_PATH}/leveldb.framework",
				"${TARGET_BUILD_DIR}/${FRAMEWORKS_FOLDER_PATH}/nanopb.framework",
			);
			runOnlyForDeploymentPostprocessing = 0;
			shellPath = /bin/sh;
			shellScript = "\"${SRCROOT}/Pods/Target Support Files/Pods-NepalCommunity/Pods-NepalCommunity-frameworks.sh\"\n";
			showEnvVarsInLog = 0;
		};
		F261EACB83640EBF215A028D /* [CP] Check Pods Manifest.lock */ = {
			isa = PBXShellScriptBuildPhase;
			buildActionMask = 2147483647;
			files = (
			);
			inputPaths = (
				"${PODS_PODFILE_DIR_PATH}/Podfile.lock",
				"${PODS_ROOT}/Manifest.lock",
			);
			name = "[CP] Check Pods Manifest.lock";
			outputPaths = (
				"$(DERIVED_FILE_DIR)/Pods-NepalCommunity-checkManifestLockResult.txt",
			);
			runOnlyForDeploymentPostprocessing = 0;
			shellPath = /bin/sh;
			shellScript = "diff \"${PODS_PODFILE_DIR_PATH}/Podfile.lock\" \"${PODS_ROOT}/Manifest.lock\" > /dev/null\nif [ $? != 0 ] ; then\n    # print error to STDERR\n    echo \"error: The sandbox is not in sync with the Podfile.lock. Run 'pod install' or update your CocoaPods installation.\" >&2\n    exit 1\nfi\n# This output is used by Xcode 'outputs' to avoid re-running this script phase.\necho \"SUCCESS\" > \"${SCRIPT_OUTPUT_FILE_0}\"\n";
			showEnvVarsInLog = 0;
		};
/* End PBXShellScriptBuildPhase section */

/* Begin PBXSourcesBuildPhase section */
		ACCC08A42180140100D6391A /* Sources */ = {
			isa = PBXSourcesBuildPhase;
			buildActionMask = 2147483647;
			files = (
				ACCC08AC2180140100D6391A /* AppDelegate.swift in Sources */,
				ACA50A872186A1FE00B2040A /* NCSignUpViewController.swift in Sources */,
				ACDEACDC219E4C5B009964AE /* NCPageViewController.swift in Sources */,
				AC9F2568219C06530090A77E /* NCHomeController.swift in Sources */,
				AC2FC9DA21C0D28100052D1F /* NCImageDetailViewController.swift in Sources */,
				ACA50A812185F88900B2040A /* NCGradientView.swift in Sources */,
				AC69B34721ACE2F8008BE631 /* NCFullImageController.swift in Sources */,
				AC9F2575219D12BC0090A77E /* NCMenuCell.swift in Sources */,
				AC1EDCC921829D450089C7AF /* NCViewController.swift in Sources */,
				AC71845921A6510B0056DF3F /* NCImageSelectionCell.swift in Sources */,
				ACD4FE7F21B0C12700C1F534 /* NCDate.swift in Sources */,
				AC71845221A4F41A0056DF3F /* NCCreateArticleController.swift in Sources */,
				ACB2491E21896956008B510E /* NCDropDownNotification.swift in Sources */,
				ACA50A8F2186AB0B00B2040A /* NCImageButtonView.swift in Sources */,
				AC1EDCB521814F380089C7AF /* NCNotificationManager.swift in Sources */,
				AC2FC9DC21C0D28E00052D1F /* NCimageDetailView.swift in Sources */,
				AC71845521A4F7610056DF3F /* NCCreateArticleView.swift in Sources */,
				ACB249162187F2C3008B510E /* NCSignUpAndSignIn.swift in Sources */,
				AC71844A21A24C360056DF3F /* NCSingleHomeController.swift in Sources */,
				ACA50A8D2186AA9A00B2040A /* NCButtonView.swift in Sources */,
				ACA50A892186A32F00B2040A /* NCLoginViewDelegate.swift in Sources */,
				AC2FC9DE21C0D29F00052D1F /* NCDraggableView.swift in Sources */,
				AC06048E21801F69006582B9 /* Global.swift in Sources */,
				AC9727A321B8E0AA00F265FD /* NCDetailViewController.swift in Sources */,
				AC7D187721B508360041503F /* NCEmptyTableView.swift in Sources */,
				AC1D2F172195182C0073AC9A /* NCTabViewController.swift in Sources */,
				AC1EDCB3218148AC0089C7AF /* NCColors.swift in Sources */,
				ACA50A7B2182AC8600B2040A /* NCLoginView.swift in Sources */,
				AC71845021A2528D0056DF3F /* NCArticleCell.swift in Sources */,
				AC71844C21A24D410056DF3F /* NCSingleHomeView.swift in Sources */,
				AC69B34221ABBD00008BE631 /* NCImageDownloader.swift in Sources */,
				AC69B33F21ABB259008BE631 /* NCSessionManager.swift in Sources */,
				AC9F256C219D05A80090A77E /* NCMenuBar.swift in Sources */,
				ACB737DE21BE123200A1F063 /* NCDatabaseAccess.swift in Sources */,
				AC1EDCB1218147C60089C7AF /* NCFont.swift in Sources */,
				AC9F256A219C07BD0090A77E /* NCNaviagtionController.swift in Sources */,
				AC9727A521B8E11500F265FD /* NCDetailView.swift in Sources */,
				ACB2491A2187F77B008B510E /* NCDatebaseWrite.swift in Sources */,
				ACA50A7D2182B8CB00B2040A /* UIButton+Animation.swift in Sources */,
				AC9F256E219D061D0090A77E /* NCHomeTopView.swift in Sources */,
				ACA50A912186AD7F00B2040A /* NCTextButton.swift in Sources */,
				ACBBBA0E21AB7FCE0077C6E4 /* NCCategories.swift in Sources */,
				AC9727A721B8E3DA00F265FD /* NCSingleHomeViewDelegate.swift in Sources */,
				AC1D2F142193D41D0073AC9A /* NCStorage.swift in Sources */,
				AC69B33C21AB96D8008BE631 /* NCUser.swift in Sources */,
				AC17189A21BA388D00E3E118 /* NCArticleTopCell.swift in Sources */,
				ACB2491C21893852008B510E /* NCActivityIndicator.swift in Sources */,
				ACB249142186E353008B510E /* NCAccountType.swift in Sources */,
				ACD4FE7D21AE5DC000C1F534 /* NCArticle.swift in Sources */,
				ACA50A932186AF4100B2040A /* Array+extension.swift in Sources */,
				AC1EDCCD2182A1220089C7AF /* UIView+Draw.swift in Sources */,
				AC17189D21BA391400E3E118 /* NCCommentCell.swift in Sources */,
				ACA50A852186A1EB00B2040A /* NCSignUpView.swift in Sources */,
				AC1EDCC2218298C60089C7AF /* NCLoginViewController.swift in Sources */,
				ACBBBA1021AB88F50077C6E4 /* NCCategoriesSelectionDelegate.swift in Sources */,
				AC1EDCC521829A9E0089C7AF /* NCBaseView.swift in Sources */,
			);
			runOnlyForDeploymentPostprocessing = 0;
		};
/* End PBXSourcesBuildPhase section */

/* Begin PBXVariantGroup section */
		ACCC08B42180140500D6391A /* LaunchScreen.storyboard */ = {
			isa = PBXVariantGroup;
			children = (
				ACCC08B52180140500D6391A /* Base */,
			);
			name = LaunchScreen.storyboard;
			sourceTree = "<group>";
		};
/* End PBXVariantGroup section */

/* Begin XCBuildConfiguration section */
		ACCC08B82180140500D6391A /* Debug */ = {
			isa = XCBuildConfiguration;
			buildSettings = {
				ALWAYS_SEARCH_USER_PATHS = NO;
				CLANG_ANALYZER_NONNULL = YES;
				CLANG_ANALYZER_NUMBER_OBJECT_CONVERSION = YES_AGGRESSIVE;
				CLANG_CXX_LANGUAGE_STANDARD = "gnu++14";
				CLANG_CXX_LIBRARY = "libc++";
				CLANG_ENABLE_MODULES = YES;
				CLANG_ENABLE_OBJC_ARC = YES;
				CLANG_ENABLE_OBJC_WEAK = YES;
				CLANG_WARN_BLOCK_CAPTURE_AUTORELEASING = YES;
				CLANG_WARN_BOOL_CONVERSION = YES;
				CLANG_WARN_COMMA = YES;
				CLANG_WARN_CONSTANT_CONVERSION = YES;
				CLANG_WARN_DEPRECATED_OBJC_IMPLEMENTATIONS = YES;
				CLANG_WARN_DIRECT_OBJC_ISA_USAGE = YES_ERROR;
				CLANG_WARN_DOCUMENTATION_COMMENTS = YES;
				CLANG_WARN_EMPTY_BODY = YES;
				CLANG_WARN_ENUM_CONVERSION = YES;
				CLANG_WARN_INFINITE_RECURSION = YES;
				CLANG_WARN_INT_CONVERSION = YES;
				CLANG_WARN_NON_LITERAL_NULL_CONVERSION = YES;
				CLANG_WARN_OBJC_IMPLICIT_RETAIN_SELF = YES;
				CLANG_WARN_OBJC_LITERAL_CONVERSION = YES;
				CLANG_WARN_OBJC_ROOT_CLASS = YES_ERROR;
				CLANG_WARN_RANGE_LOOP_ANALYSIS = YES;
				CLANG_WARN_STRICT_PROTOTYPES = YES;
				CLANG_WARN_SUSPICIOUS_MOVE = YES;
				CLANG_WARN_UNGUARDED_AVAILABILITY = YES_AGGRESSIVE;
				CLANG_WARN_UNREACHABLE_CODE = YES;
				CLANG_WARN__DUPLICATE_METHOD_MATCH = YES;
				CODE_SIGN_IDENTITY = "iPhone Developer";
				COPY_PHASE_STRIP = NO;
				DEBUG_INFORMATION_FORMAT = dwarf;
				ENABLE_STRICT_OBJC_MSGSEND = YES;
				ENABLE_TESTABILITY = YES;
				GCC_C_LANGUAGE_STANDARD = gnu11;
				GCC_DYNAMIC_NO_PIC = NO;
				GCC_NO_COMMON_BLOCKS = YES;
				GCC_OPTIMIZATION_LEVEL = 0;
				GCC_PREPROCESSOR_DEFINITIONS = (
					"DEBUG=1",
					"$(inherited)",
				);
				GCC_WARN_64_TO_32_BIT_CONVERSION = YES;
				GCC_WARN_ABOUT_RETURN_TYPE = YES_ERROR;
				GCC_WARN_UNDECLARED_SELECTOR = YES;
				GCC_WARN_UNINITIALIZED_AUTOS = YES_AGGRESSIVE;
				GCC_WARN_UNUSED_FUNCTION = YES;
				GCC_WARN_UNUSED_VARIABLE = YES;
				IPHONEOS_DEPLOYMENT_TARGET = 12.0;
				MTL_ENABLE_DEBUG_INFO = INCLUDE_SOURCE;
				MTL_FAST_MATH = YES;
				ONLY_ACTIVE_ARCH = YES;
				SDKROOT = iphoneos;
				SWIFT_ACTIVE_COMPILATION_CONDITIONS = DEBUG;
				SWIFT_OPTIMIZATION_LEVEL = "-Onone";
			};
			name = Debug;
		};
		ACCC08B92180140500D6391A /* Release */ = {
			isa = XCBuildConfiguration;
			buildSettings = {
				ALWAYS_SEARCH_USER_PATHS = NO;
				CLANG_ANALYZER_NONNULL = YES;
				CLANG_ANALYZER_NUMBER_OBJECT_CONVERSION = YES_AGGRESSIVE;
				CLANG_CXX_LANGUAGE_STANDARD = "gnu++14";
				CLANG_CXX_LIBRARY = "libc++";
				CLANG_ENABLE_MODULES = YES;
				CLANG_ENABLE_OBJC_ARC = YES;
				CLANG_ENABLE_OBJC_WEAK = YES;
				CLANG_WARN_BLOCK_CAPTURE_AUTORELEASING = YES;
				CLANG_WARN_BOOL_CONVERSION = YES;
				CLANG_WARN_COMMA = YES;
				CLANG_WARN_CONSTANT_CONVERSION = YES;
				CLANG_WARN_DEPRECATED_OBJC_IMPLEMENTATIONS = YES;
				CLANG_WARN_DIRECT_OBJC_ISA_USAGE = YES_ERROR;
				CLANG_WARN_DOCUMENTATION_COMMENTS = YES;
				CLANG_WARN_EMPTY_BODY = YES;
				CLANG_WARN_ENUM_CONVERSION = YES;
				CLANG_WARN_INFINITE_RECURSION = YES;
				CLANG_WARN_INT_CONVERSION = YES;
				CLANG_WARN_NON_LITERAL_NULL_CONVERSION = YES;
				CLANG_WARN_OBJC_IMPLICIT_RETAIN_SELF = YES;
				CLANG_WARN_OBJC_LITERAL_CONVERSION = YES;
				CLANG_WARN_OBJC_ROOT_CLASS = YES_ERROR;
				CLANG_WARN_RANGE_LOOP_ANALYSIS = YES;
				CLANG_WARN_STRICT_PROTOTYPES = YES;
				CLANG_WARN_SUSPICIOUS_MOVE = YES;
				CLANG_WARN_UNGUARDED_AVAILABILITY = YES_AGGRESSIVE;
				CLANG_WARN_UNREACHABLE_CODE = YES;
				CLANG_WARN__DUPLICATE_METHOD_MATCH = YES;
				CODE_SIGN_IDENTITY = "iPhone Developer";
				COPY_PHASE_STRIP = NO;
				DEBUG_INFORMATION_FORMAT = "dwarf-with-dsym";
				ENABLE_NS_ASSERTIONS = NO;
				ENABLE_STRICT_OBJC_MSGSEND = YES;
				GCC_C_LANGUAGE_STANDARD = gnu11;
				GCC_NO_COMMON_BLOCKS = YES;
				GCC_WARN_64_TO_32_BIT_CONVERSION = YES;
				GCC_WARN_ABOUT_RETURN_TYPE = YES_ERROR;
				GCC_WARN_UNDECLARED_SELECTOR = YES;
				GCC_WARN_UNINITIALIZED_AUTOS = YES_AGGRESSIVE;
				GCC_WARN_UNUSED_FUNCTION = YES;
				GCC_WARN_UNUSED_VARIABLE = YES;
				IPHONEOS_DEPLOYMENT_TARGET = 12.0;
				MTL_ENABLE_DEBUG_INFO = NO;
				MTL_FAST_MATH = YES;
				SDKROOT = iphoneos;
				SWIFT_COMPILATION_MODE = wholemodule;
				SWIFT_OPTIMIZATION_LEVEL = "-O";
				VALIDATE_PRODUCT = YES;
			};
			name = Release;
		};
		ACCC08BB2180140500D6391A /* Debug */ = {
			isa = XCBuildConfiguration;
			baseConfigurationReference = B302AD8A90610761900FB03F /* Pods-NepalCommunity.debug.xcconfig */;
			buildSettings = {
				ASSETCATALOG_COMPILER_APPICON_NAME = AppIcon;
				CODE_SIGN_STYLE = Automatic;
				DEVELOPMENT_TEAM = 2QZXZME53M;
				INFOPLIST_FILE = NepalCommunity/Info.plist;
				LD_RUNPATH_SEARCH_PATHS = (
					"$(inherited)",
					"@executable_path/Frameworks",
				);
				PRODUCT_BUNDLE_IDENTIFIER = com.jec.17cm0219.NepalCommunity.dev;
				PRODUCT_NAME = d_NepalCommunity;
				SWIFT_VERSION = 4.2;
				TARGETED_DEVICE_FAMILY = "1,2";
			};
			name = Debug;
		};
		ACCC08BC2180140500D6391A /* Release */ = {
			isa = XCBuildConfiguration;
			baseConfigurationReference = 0167735298938EFBC8C777FC /* Pods-NepalCommunity.release.xcconfig */;
			buildSettings = {
				ASSETCATALOG_COMPILER_APPICON_NAME = AppIcon;
				CODE_SIGN_STYLE = Automatic;
				DEVELOPMENT_TEAM = 2QZXZME53M;
				INFOPLIST_FILE = NepalCommunity/Info.plist;
				LD_RUNPATH_SEARCH_PATHS = (
					"$(inherited)",
					"@executable_path/Frameworks",
				);
				PRODUCT_BUNDLE_IDENTIFIER = com.jec.17cm0219.NepalCommunity;
				PRODUCT_NAME = "$(TARGET_NAME)";
				SWIFT_VERSION = 4.2;
				TARGETED_DEVICE_FAMILY = "1,2";
			};
			name = Release;
		};
/* End XCBuildConfiguration section */

/* Begin XCConfigurationList section */
		ACCC08A32180140100D6391A /* Build configuration list for PBXProject "NepalCommunity" */ = {
			isa = XCConfigurationList;
			buildConfigurations = (
				ACCC08B82180140500D6391A /* Debug */,
				ACCC08B92180140500D6391A /* Release */,
			);
			defaultConfigurationIsVisible = 0;
			defaultConfigurationName = Release;
		};
		ACCC08BA2180140500D6391A /* Build configuration list for PBXNativeTarget "NepalCommunity" */ = {
			isa = XCConfigurationList;
			buildConfigurations = (
				ACCC08BB2180140500D6391A /* Debug */,
				ACCC08BC2180140500D6391A /* Release */,
			);
			defaultConfigurationIsVisible = 0;
			defaultConfigurationName = Release;
		};
/* End XCConfigurationList section */
	};
	rootObject = ACCC08A02180140000D6391A /* Project object */;
}
